{
  "nodes": {
    "nixpkgs": {
      "locked": {
        "lastModified": 1703351344,
        "narHash": "sha256-9FEelzftkE9UaJ5nqxidaJJPEhe9TPhbypLHmc2Mysc=",
        "owner": "NixOS",
        "repo": "nixpkgs",
        "rev": "7790e078f8979a9fcd543f9a47427eeaba38f268",
        "type": "github"
      },
      "original": {
        "id": "nixpkgs",
        "ref": "nixos-23.05",
        "type": "indirect"
      }
    },
    "root": {
      "inputs": {
        "nixpkgs": "nixpkgs"
      }
    }
  },
  "root": "root",
  "version": 7
}
